
Microsoft Visual Studio Solution File, Format Version 12.00
# Visual Studio Version 17
VisualStudioVersion = 17.2.32630.192
MinimumVisualStudioVersion = 10.0.40219.1
Project("{9A19103F-16F7-4668-BE54-9A1E7A4F7556}") = "GodotObjectPool", "GodotObjectPool.csproj", "{799872C4-9C92-483E-8528-8CBF14E7BF01}"
EndProject
Global
	GlobalSection(SolutionConfigurationPlatforms) = preSolution
		Debug|Any CPU = Debug|Any CPU
		ExportDebug|Any CPU = ExportDebug|Any CPU
		ExportRelease|Any CPU = ExportRelease|Any CPU
	EndGlobalSection
	GlobalSection(ProjectConfigurationPlatforms) = postSolution
		{799872C4-9C92-483E-8528-8CBF14E7BF01}.Debug|Any CPU.ActiveCfg = Debug|Any CPU
		{799872C4-9C92-483E-8528-8CBF14E7BF01}.Debug|Any CPU.Build.0 = Debug|Any CPU
		{799872C4-9C92-483E-8528-8CBF14E7BF01}.ExportDebug|Any CPU.ActiveCfg = ExportDebug|Any CPU
		{799872C4-9C92-483E-8528-8CBF14E7BF01}.ExportDebug|Any CPU.Build.0 = ExportDebug|Any CPU
		{799872C4-9C92-483E-8528-8CBF14E7BF01}.ExportRelease|Any CPU.ActiveCfg = ExportRelease|Any CPU
		{799872C4-9C92-483E-8528-8CBF14E7BF01}.ExportRelease|Any CPU.Build.0 = ExportRelease|Any CPU
	EndGlobalSection
	GlobalSection(SolutionProperties) = preSolution
		HideSolutionNode = FALSE
	EndGlobalSection
	GlobalSection(ExtensibilityGlobals) = postSolution
		SolutionGuid = {F9A6F572-C844-43F2-B86F-D6E6F9CEAD4E}
	EndGlobalSection
EndGlobal
